<?xml version="1.0" encoding="utf-8"?>
<Project ToolsVersion="4.0" xmlns="http://schemas.microsoft.com/developer/msbuild/2003">
  <ItemGroup>
    <Filter Include="Source Files">
      <UniqueIdentifier>{4FC737F1-C7A5-4376-A066-2A32D752A2FF}</UniqueIdentifier>
      <Extensions>cpp;c;cc;cxx;c++;cppm;ixx;def;odl;idl;hpj;bat;asm;asmx</Extensions>
    </Filter>
    <Filter Include="Header Files">
      <UniqueIdentifier>{93995380-89BD-4b04-88EB-625FBE52EBFB}</UniqueIdentifier>
      <Extensions>h;hh;hpp;hxx;h++;hm;inl;inc;ipp;xsd</Extensions>
    </Filter>
    <Filter Include="Resource Files">
      <UniqueIdentifier>{67DA6AB6-F800-4c08-8B7A-83BB121AAD01}</UniqueIdentifier>
      <Extensions>rc;ico;cur;bmp;dlg;rc2;rct;bin;rgs;gif;jpg;jpeg;jpe;resx;tiff;tif;png;wav;mfcribbon-ms</Extensions>
    </Filter>
  </ItemGroup>
  <ItemGroup>
    <ClCompile Include="EQOA_NavmeshBuilder.cpp">
      <Filter>Source Files</Filter>
    </ClCompile>
    <ClCompile Include="Recast\Source\Recast.cpp">
      <Filter>Source Files</Filter>
    </ClCompile>
    <ClCompile Include="Recast\Source\RecastAlloc.cpp">
      <Filter>Source Files</Filter>
    </ClCompile>
    <ClCompile Include="Recast\Source\RecastArea.cpp">
      <Filter>Source Files</Filter>
    </ClCompile>
    <ClCompile Include="Recast\Source\RecastAssert.cpp">
      <Filter>Source Files</Filter>
    </ClCompile>
    <ClCompile Include="Recast\Source\RecastContour.cpp">
      <Filter>Source Files</Filter>
    </ClCompile>
    <ClCompile Include="Recast\Source\RecastFilter.cpp">
      <Filter>Source Files</Filter>
    </ClCompile>
    <ClCompile Include="Recast\Source\RecastLayers.cpp">
      <Filter>Source Files</Filter>
    </ClCompile>
    <ClCompile Include="Recast\Source\RecastMesh.cpp">
      <Filter>Source Files</Filter>
    </ClCompile>
    <ClCompile Include="Recast\Source\RecastMeshDetail.cpp">
      <Filter>Source Files</Filter>
    </ClCompile>
    <ClCompile Include="Recast\Source\RecastRasterization.cpp">
      <Filter>Source Files</Filter>
    </ClCompile>
    <ClCompile Include="Recast\Source\RecastRegion.cpp">
      <Filter>Source Files</Filter>
    </ClCompile>
    <ClCompile Include="Detour\Source\DetourAlloc.cpp">
      <Filter>Source Files</Filter>
    </ClCompile>
    <ClCompile Include="Detour\Source\DetourAssert.cpp">
      <Filter>Source Files</Filter>
    </ClCompile>
    <ClCompile Include="Detour\Source\DetourCommon.cpp">
      <Filter>Source Files</Filter>
    </ClCompile>
    <ClCompile Include="Detour\Source\DetourNavMesh.cpp">
      <Filter>Source Files</Filter>
    </ClCompile>
    <ClCompile Include="Detour\Source\DetourNavMeshBuilder.cpp">
      <Filter>Source Files</Filter>
    </ClCompile>
    <ClCompile Include="Detour\Source\DetourNavMeshQuery.cpp">
      <Filter>Source Files</Filter>
    </ClCompile>
    <ClCompile Include="Detour\Source\DetourNode.cpp">
      <Filter>Source Files</Filter>
    </ClCompile>
    <ClCompile Include="EQOA_TileMesh.cpp">
      <Filter>Source Files</Filter>
    </ClCompile>
    <ClCompile Include="DebugUtils\Source\DebugDraw.cpp">
      <Filter>Source Files</Filter>
    </ClCompile>
    <ClCompile Include="DebugUtils\Source\DetourDebugDraw.cpp">
      <Filter>Source Files</Filter>
    </ClCompile>
    <ClCompile Include="DebugUtils\Source\RecastDebugDraw.cpp">
      <Filter>Source Files</Filter>
    </ClCompile>
    <ClCompile Include="DebugUtils\Source\RecastDump.cpp">
      <Filter>Source Files</Filter>
    </ClCompile>
    <ClCompile Include="DetourTileCache\Source\DetourTileCache.cpp">
      <Filter>Source Files</Filter>
    </ClCompile>
    <ClCompile Include="DetourTileCache\Source\DetourTileCacheBuilder.cpp">
      <Filter>Source Files</Filter>
    </ClCompile>
    <ClCompile Include="DetourCrowd\Source\DetourCrowd.cpp">
      <Filter>Source Files</Filter>
    </ClCompile>
    <ClCompile Include="DetourCrowd\Source\DetourLocalBoundary.cpp">
      <Filter>Source Files</Filter>
    </ClCompile>
    <ClCompile Include="DetourCrowd\Source\DetourObstacleAvoidance.cpp">
      <Filter>Source Files</Filter>
    </ClCompile>
    <ClCompile Include="DetourCrowd\Source\DetourPathCorridor.cpp">
      <Filter>Source Files</Filter>
    </ClCompile>
    <ClCompile Include="DetourCrowd\Source\DetourPathQueue.cpp">
      <Filter>Source Files</Filter>
    </ClCompile>
    <ClCompile Include="DetourCrowd\Source\DetourProximityGrid.cpp">
      <Filter>Source Files</Filter>
    </ClCompile>
    <ClCompile Include="InputGeom.cpp">
      <Filter>Source Files</Filter>
    </ClCompile>
    <ClCompile Include="Sample.cpp">
      <Filter>Source Files</Filter>
    </ClCompile>
    <ClCompile Include="ChunkyTriMesh.cpp">
      <Filter>Source Files</Filter>
    </ClCompile>
    <ClCompile Include="MeshLoaderObj.cpp">
      <Filter>Source Files</Filter>
    </ClCompile>
    <ClCompile Include="SampleInterfaces.cpp">
      <Filter>Source Files</Filter>
    </ClCompile>
  </ItemGroup>
  <ItemGroup>
    <ClInclude Include="Recast\Include\Recast.h">
      <Filter>Header Files</Filter>
    </ClInclude>
    <ClInclude Include="Recast\Include\RecastAlloc.h">
      <Filter>Header Files</Filter>
    </ClInclude>
    <ClInclude Include="Recast\Include\RecastAssert.h">
      <Filter>Header Files</Filter>
    </ClInclude>
    <ClInclude Include="Detour\Include\DetourAlloc.h">
      <Filter>Header Files</Filter>
    </ClInclude>
    <ClInclude Include="Detour\Include\DetourAssert.h">
      <Filter>Header Files</Filter>
    </ClInclude>
    <ClInclude Include="Detour\Include\DetourCommon.h">
      <Filter>Header Files</Filter>
    </ClInclude>
    <ClInclude Include="Detour\Include\DetourMath.h">
      <Filter>Header Files</Filter>
    </ClInclude>
    <ClInclude Include="Detour\Include\DetourNavMesh.h">
      <Filter>Header Files</Filter>
    </ClInclude>
    <ClInclude Include="Detour\Include\DetourNavMeshBuilder.h">
      <Filter>Header Files</Filter>
    </ClInclude>
    <ClInclude Include="Detour\Include\DetourNavMeshQuery.h">
      <Filter>Header Files</Filter>
    </ClInclude>
    <ClInclude Include="Detour\Include\DetourNode.h">
      <Filter>Header Files</Filter>
    </ClInclude>
    <ClInclude Include="Detour\Include\DetourStatus.h">
      <Filter>Header Files</Filter>
    </ClInclude>
    <ClInclude Include="EQOA_TileMesh.h">
      <Filter>Header Files</Filter>
    </ClInclude>
    <ClInclude Include="DebugUtils\Include\RecastDump.h">
      <Filter>Header Files</Filter>
    </ClInclude>
    <ClInclude Include="DebugUtils\Include\DebugDraw.h">
      <Filter>Header Files</Filter>
    </ClInclude>
    <ClInclude Include="DebugUtils\Include\DetourDebugDraw.h">
      <Filter>Header Files</Filter>
    </ClInclude>
    <ClInclude Include="DebugUtils\Include\RecastDebugDraw.h">
      <Filter>Header Files</Filter>
    </ClInclude>
    <ClInclude Include="DetourTileCache\Include\DetourTileCache.h">
      <Filter>Header Files</Filter>
    </ClInclude>
    <ClInclude Include="DetourTileCache\Include\DetourTileCacheBuilder.h">
      <Filter>Header Files</Filter>
    </ClInclude>
    <ClInclude Include="DetourCrowd\Include\DetourCrowd.h">
      <Filter>Header Files</Filter>
    </ClInclude>
    <ClInclude Include="DetourCrowd\Include\DetourLocalBoundary.h">
      <Filter>Header Files</Filter>
    </ClInclude>
    <ClInclude Include="DetourCrowd\Include\DetourObstacleAvoidance.h">
      <Filter>Header Files</Filter>
    </ClInclude>
    <ClInclude Include="DetourCrowd\Include\DetourPathCorridor.h">
      <Filter>Header Files</Filter>
    </ClInclude>
    <ClInclude Include="DetourCrowd\Include\DetourPathQueue.h">
      <Filter>Header Files</Filter>
    </ClInclude>
    <ClInclude Include="DetourCrowd\Include\DetourProximityGrid.h">
      <Filter>Header Files</Filter>
    </ClInclude>
    <ClInclude Include="InputGeom.h">
      <Filter>Header Files</Filter>
    </ClInclude>
    <ClInclude Include="Sample.h">
      <Filter>Header Files</Filter>
    </ClInclude>
    <ClInclude Include="ChunkyTriMesh.h">
      <Filter>Header Files</Filter>
    </ClInclude>
    <ClInclude Include="MeshLoaderObj.h">
      <Filter>Header Files</Filter>
    </ClInclude>
    <ClInclude Include="SampleInterfaces.h">
      <Filter>Header Files</Filter>
    </ClInclude>
  </ItemGroup>
</Project>